
Microsoft Visual Studio Solution File, Format Version 12.00
# Visual Studio Version 16
VisualStudioVersion = 16.0.31702.278
MinimumVisualStudioVersion = 10.0.40219.1
Project("{FAE04EC0-301F-11D3-BF4B-00C04F79EFBC}") = "Web.Cars", "Web.Cars\Web.Cars.csproj", "{870ED836-6F2F-42B2-BC7C-2B07969FDD73}"
EndProject
Global
	GlobalSection(SolutionConfigurationPlatforms) = preSolution
		Debug|Any CPU = Debug|Any CPU
		Release|Any CPU = Release|Any CPU
	EndGlobalSection
	GlobalSection(ProjectConfigurationPlatforms) = postSolution
		{870ED836-6F2F-42B2-BC7C-2B07969FDD73}.Debug|Any CPU.ActiveCfg = Debug|Any CPU
		{870ED836-6F2F-42B2-BC7C-2B07969FDD73}.Debug|Any CPU.Build.0 = Debug|Any CPU
		{870ED836-6F2F-42B2-BC7C-2B07969FDD73}.Release|Any CPU.ActiveCfg = Release|Any CPU
		{870ED836-6F2F-42B2-BC7C-2B07969FDD73}.Release|Any CPU.Build.0 = Release|Any CPU
	EndGlobalSection
	GlobalSection(SolutionProperties) = preSolution
		HideSolutionNode = FALSE
	EndGlobalSection
	GlobalSection(ExtensibilityGlobals) = postSolution
		SolutionGuid = {C9B8A57A-54D6-47B6-9562-9A9AAB6633F9}
	EndGlobalSection
EndGlobal
